
Microsoft Visual Studio Solution File, Format Version 12.00
# Visual Studio 2012
Project("{FAE04EC0-301F-11D3-BF4B-00C04F79EFBC}") = "Core", "Core\Core.csproj", "{B5830874-7DA8-4C00-B2EB-DD3C4889BED9}"
EndProject
Project("{FAE04EC0-301F-11D3-BF4B-00C04F79EFBC}") = "Test", "Test\Test.csproj", "{E60AE756-18DE-4AF2-9E28-8D764886CB5D}"
EndProject
Global
	GlobalSection(SolutionConfigurationPlatforms) = preSolution
		Debug|x86 = Debug|x86
		Release|x86 = Release|x86
	EndGlobalSection
	GlobalSection(ProjectConfigurationPlatforms) = postSolution
		{B5830874-7DA8-4C00-B2EB-DD3C4889BED9}.Debug|x86.ActiveCfg = Debug|Any CPU
		{B5830874-7DA8-4C00-B2EB-DD3C4889BED9}.Debug|x86.Build.0 = Debug|Any CPU
		{B5830874-7DA8-4C00-B2EB-DD3C4889BED9}.Release|x86.ActiveCfg = Release|Any CPU
		{B5830874-7DA8-4C00-B2EB-DD3C4889BED9}.Release|x86.Build.0 = Release|Any CPU
		{E60AE756-18DE-4AF2-9E28-8D764886CB5D}.Debug|x86.ActiveCfg = Debug|Any CPU
		{E60AE756-18DE-4AF2-9E28-8D764886CB5D}.Debug|x86.Build.0 = Debug|Any CPU
		{E60AE756-18DE-4AF2-9E28-8D764886CB5D}.Release|x86.ActiveCfg = Release|Any CPU
		{E60AE756-18DE-4AF2-9E28-8D764886CB5D}.Release|x86.Build.0 = Release|Any CPU
	EndGlobalSection
EndGlobal
