
Microsoft Visual Studio Solution File, Format Version 12.00
# Visual Studio 2012
VisualStudioVersion = 14.0.23107.0
MinimumVisualStudioVersion = 10.0.40219.1
Project("{2857B73E-F847-4B02-9238-064979017E93}") = "AlgoLinux", "Algo\AlgoLinux.cproj", "{47749C59-634F-4D43-8C5E-4CE3FF7FF299}"
EndProject
Project("{FAE04EC0-301F-11D3-BF4B-00C04F79EFBC}") = "Core", "Core\Core.csproj", "{B5830874-7DA8-4C00-B2EB-DD3C4889BED9}"
EndProject
Project("{FAE04EC0-301F-11D3-BF4B-00C04F79EFBC}") = "Test", "Test\Test.csproj", "{E60AE756-18DE-4AF2-9E28-8D764886CB5D}"
EndProject
Project("{FAE04EC0-301F-11D3-BF4B-00C04F79EFBC}") = "Saver", "Saver\Saver.csproj", "{D99E4DC6-05AA-4FD6-8359-20C5F01168D2}"
EndProject
Project("{FAE04EC0-301F-11D3-BF4B-00C04F79EFBC}") = "ViewLinux", "View\ViewLinux.csproj", "{4519A371-A691-4BFD-98FC-64DF6B779E5D}"
EndProject
Project("{FAE04EC0-301F-11D3-BF4B-00C04F79EFBC}") = "LauncherCLI", "LauncherCLI\LauncherCLI.csproj", "{D073B112-BEE4-411A-8D6D-E673209167EB}"
EndProject
Global
	GlobalSection(SolutionConfigurationPlatforms) = preSolution
		Debug|Any CPU = Debug|Any CPU
		Debug|x64 = Debug|x64
		Debug|x86 = Debug|x86
		Release|Any CPU = Release|Any CPU
		Release|x64 = Release|x64
		Release|x86 = Release|x86
	EndGlobalSection
	GlobalSection(ProjectConfigurationPlatforms) = postSolution
		{4519A371-A691-4BFD-98FC-64DF6B779E5D}.Debug|Any CPU.ActiveCfg = Debug|Any CPU
		{4519A371-A691-4BFD-98FC-64DF6B779E5D}.Debug|Any CPU.Build.0 = Debug|Any CPU
		{4519A371-A691-4BFD-98FC-64DF6B779E5D}.Debug|x64.ActiveCfg = Debug|Any CPU
		{4519A371-A691-4BFD-98FC-64DF6B779E5D}.Debug|x64.Build.0 = Debug|Any CPU
		{4519A371-A691-4BFD-98FC-64DF6B779E5D}.Debug|x86.ActiveCfg = Debug|Any CPU
		{4519A371-A691-4BFD-98FC-64DF6B779E5D}.Debug|x86.Build.0 = Debug|Any CPU
		{4519A371-A691-4BFD-98FC-64DF6B779E5D}.Release|Any CPU.ActiveCfg = Release|Any CPU
		{4519A371-A691-4BFD-98FC-64DF6B779E5D}.Release|Any CPU.Build.0 = Release|Any CPU
		{4519A371-A691-4BFD-98FC-64DF6B779E5D}.Release|x64.ActiveCfg = Release|Any CPU
		{4519A371-A691-4BFD-98FC-64DF6B779E5D}.Release|x64.Build.0 = Release|Any CPU
		{4519A371-A691-4BFD-98FC-64DF6B779E5D}.Release|x86.ActiveCfg = Release|Any CPU
		{4519A371-A691-4BFD-98FC-64DF6B779E5D}.Release|x86.Build.0 = Release|Any CPU
		{47749C59-634F-4D43-8C5E-4CE3FF7FF299}.Debug|Any CPU.ActiveCfg = Debug|Any CPU
		{47749C59-634F-4D43-8C5E-4CE3FF7FF299}.Debug|Any CPU.Build.0 = Debug|Any CPU
		{47749C59-634F-4D43-8C5E-4CE3FF7FF299}.Debug|x64.ActiveCfg = Debug|Any CPU
		{47749C59-634F-4D43-8C5E-4CE3FF7FF299}.Debug|x86.ActiveCfg = Debug|Any CPU
		{47749C59-634F-4D43-8C5E-4CE3FF7FF299}.Debug|x86.Build.0 = Debug|Any CPU
		{47749C59-634F-4D43-8C5E-4CE3FF7FF299}.Release|Any CPU.ActiveCfg = Release|Any CPU
		{47749C59-634F-4D43-8C5E-4CE3FF7FF299}.Release|Any CPU.Build.0 = Release|Any CPU
		{47749C59-634F-4D43-8C5E-4CE3FF7FF299}.Release|x64.ActiveCfg = Release|Any CPU
		{47749C59-634F-4D43-8C5E-4CE3FF7FF299}.Release|x86.ActiveCfg = Release|Any CPU
		{47749C59-634F-4D43-8C5E-4CE3FF7FF299}.Release|x86.Build.0 = Release|Any CPU
		{B5830874-7DA8-4C00-B2EB-DD3C4889BED9}.Debug|Any CPU.ActiveCfg = Debug|Any CPU
		{B5830874-7DA8-4C00-B2EB-DD3C4889BED9}.Debug|Any CPU.Build.0 = Debug|Any CPU
		{B5830874-7DA8-4C00-B2EB-DD3C4889BED9}.Debug|x64.ActiveCfg = Debug|Any CPU
		{B5830874-7DA8-4C00-B2EB-DD3C4889BED9}.Debug|x64.Build.0 = Debug|Any CPU
		{B5830874-7DA8-4C00-B2EB-DD3C4889BED9}.Debug|x86.ActiveCfg = Debug|Any CPU
		{B5830874-7DA8-4C00-B2EB-DD3C4889BED9}.Debug|x86.Build.0 = Debug|Any CPU
		{B5830874-7DA8-4C00-B2EB-DD3C4889BED9}.Release|Any CPU.ActiveCfg = Release|Any CPU
		{B5830874-7DA8-4C00-B2EB-DD3C4889BED9}.Release|Any CPU.Build.0 = Release|Any CPU
		{B5830874-7DA8-4C00-B2EB-DD3C4889BED9}.Release|x64.ActiveCfg = Release|Any CPU
		{B5830874-7DA8-4C00-B2EB-DD3C4889BED9}.Release|x64.Build.0 = Release|Any CPU
		{B5830874-7DA8-4C00-B2EB-DD3C4889BED9}.Release|x86.ActiveCfg = Release|Any CPU
		{B5830874-7DA8-4C00-B2EB-DD3C4889BED9}.Release|x86.Build.0 = Release|Any CPU
		{D073B112-BEE4-411A-8D6D-E673209167EB}.Debug|Any CPU.ActiveCfg = Debug|Any CPU
		{D073B112-BEE4-411A-8D6D-E673209167EB}.Debug|Any CPU.Build.0 = Debug|Any CPU
		{D073B112-BEE4-411A-8D6D-E673209167EB}.Debug|x64.ActiveCfg = Debug|Any CPU
		{D073B112-BEE4-411A-8D6D-E673209167EB}.Debug|x64.Build.0 = Debug|Any CPU
		{D073B112-BEE4-411A-8D6D-E673209167EB}.Debug|x86.ActiveCfg = Debug|Any CPU
		{D073B112-BEE4-411A-8D6D-E673209167EB}.Debug|x86.Build.0 = Debug|Any CPU
		{D073B112-BEE4-411A-8D6D-E673209167EB}.Release|Any CPU.ActiveCfg = Release|Any CPU
		{D073B112-BEE4-411A-8D6D-E673209167EB}.Release|Any CPU.Build.0 = Release|Any CPU
		{D073B112-BEE4-411A-8D6D-E673209167EB}.Release|x64.ActiveCfg = Release|Any CPU
		{D073B112-BEE4-411A-8D6D-E673209167EB}.Release|x64.Build.0 = Release|Any CPU
		{D073B112-BEE4-411A-8D6D-E673209167EB}.Release|x86.ActiveCfg = Release|Any CPU
		{D073B112-BEE4-411A-8D6D-E673209167EB}.Release|x86.Build.0 = Release|Any CPU
		{D99E4DC6-05AA-4FD6-8359-20C5F01168D2}.Debug|Any CPU.ActiveCfg = Debug|Any CPU
		{D99E4DC6-05AA-4FD6-8359-20C5F01168D2}.Debug|Any CPU.Build.0 = Debug|Any CPU
		{D99E4DC6-05AA-4FD6-8359-20C5F01168D2}.Debug|x64.ActiveCfg = Debug|Any CPU
		{D99E4DC6-05AA-4FD6-8359-20C5F01168D2}.Debug|x64.Build.0 = Debug|Any CPU
		{D99E4DC6-05AA-4FD6-8359-20C5F01168D2}.Debug|x86.ActiveCfg = Debug|Any CPU
		{D99E4DC6-05AA-4FD6-8359-20C5F01168D2}.Debug|x86.Build.0 = Debug|Any CPU
		{D99E4DC6-05AA-4FD6-8359-20C5F01168D2}.Release|Any CPU.ActiveCfg = Release|Any CPU
		{D99E4DC6-05AA-4FD6-8359-20C5F01168D2}.Release|Any CPU.Build.0 = Release|Any CPU
		{D99E4DC6-05AA-4FD6-8359-20C5F01168D2}.Release|x64.ActiveCfg = Release|Any CPU
		{D99E4DC6-05AA-4FD6-8359-20C5F01168D2}.Release|x64.Build.0 = Release|Any CPU
		{D99E4DC6-05AA-4FD6-8359-20C5F01168D2}.Release|x86.ActiveCfg = Release|Any CPU
		{D99E4DC6-05AA-4FD6-8359-20C5F01168D2}.Release|x86.Build.0 = Release|Any CPU
		{E60AE756-18DE-4AF2-9E28-8D764886CB5D}.Debug|Any CPU.ActiveCfg = Debug|Any CPU
		{E60AE756-18DE-4AF2-9E28-8D764886CB5D}.Debug|Any CPU.Build.0 = Debug|Any CPU
		{E60AE756-18DE-4AF2-9E28-8D764886CB5D}.Debug|x64.ActiveCfg = Debug|Any CPU
		{E60AE756-18DE-4AF2-9E28-8D764886CB5D}.Debug|x64.Build.0 = Debug|Any CPU
		{E60AE756-18DE-4AF2-9E28-8D764886CB5D}.Debug|x86.ActiveCfg = Debug|Any CPU
		{E60AE756-18DE-4AF2-9E28-8D764886CB5D}.Debug|x86.Build.0 = Debug|Any CPU
		{E60AE756-18DE-4AF2-9E28-8D764886CB5D}.Release|Any CPU.ActiveCfg = Release|Any CPU
		{E60AE756-18DE-4AF2-9E28-8D764886CB5D}.Release|Any CPU.Build.0 = Release|Any CPU
		{E60AE756-18DE-4AF2-9E28-8D764886CB5D}.Release|x64.ActiveCfg = Release|Any CPU
		{E60AE756-18DE-4AF2-9E28-8D764886CB5D}.Release|x64.Build.0 = Release|Any CPU
		{E60AE756-18DE-4AF2-9E28-8D764886CB5D}.Release|x86.ActiveCfg = Release|Any CPU
		{E60AE756-18DE-4AF2-9E28-8D764886CB5D}.Release|x86.Build.0 = Release|Any CPU
	EndGlobalSection
	GlobalSection(MonoDevelopProperties) = preSolution
		Policies = $0
		$0.TextStylePolicy = $1
		$1.FileWidth = 120
		$1.TabsToSpaces = False
		$1.inheritsSet = VisualStudio
		$1.inheritsScope = text/plain
		description = Winnie is a SmallWorld clone, built for educational purposes.
	EndGlobalSection
	GlobalSection(SolutionProperties) = preSolution
		HideSolutionNode = FALSE
	EndGlobalSection
EndGlobal
